// !$*UTF8*$!
{
	archiveVersion = 1;
	classes = {
	};
	objectVersion = 50;
	objects = {

/* Begin PBXBuildFile section */
		DFF8C432242506A500051145 /* AppDelegate.swift in Sources */ = {isa = PBXBuildFile; fileRef = DFF8C431242506A500051145 /* AppDelegate.swift */; };
		DFF8C434242506A500051145 /* ContentView.swift in Sources */ = {isa = PBXBuildFile; fileRef = DFF8C433242506A500051145 /* ContentView.swift */; };
		DFF8C436242506A600051145 /* Assets.xcassets in Resources */ = {isa = PBXBuildFile; fileRef = DFF8C435242506A600051145 /* Assets.xcassets */; };
		DFF8C439242506A600051145 /* Preview Assets.xcassets in Resources */ = {isa = PBXBuildFile; fileRef = DFF8C438242506A600051145 /* Preview Assets.xcassets */; };
		DFF8C43C242506A600051145 /* Main.storyboard in Resources */ = {isa = PBXBuildFile; fileRef = DFF8C43A242506A600051145 /* Main.storyboard */; };
		DFF8C4472425138A00051145 /* TypingWindow.swift in Sources */ = {isa = PBXBuildFile; fileRef = DFF8C4462425138A00051145 /* TypingWindow.swift */; };
/* End PBXBuildFile section */

/* Begin PBXFileReference section */
		DFF8C42E242506A500051145 /* SpeedMath.app */ = {isa = PBXFileReference; explicitFileType = wrapper.application; includeInIndex = 0; path = SpeedMath.app; sourceTree = BUILT_PRODUCTS_DIR; };
		DFF8C431242506A500051145 /* AppDelegate.swift */ = {isa = PBXFileReference; lastKnownFileType = sourcecode.swift; path = AppDelegate.swift; sourceTree = "<group>"; };
		DFF8C433242506A500051145 /* ContentView.swift */ = {isa = PBXFileReference; lastKnownFileType = sourcecode.swift; path = ContentView.swift; sourceTree = "<group>"; };
		DFF8C435242506A600051145 /* Assets.xcassets */ = {isa = PBXFileReference; lastKnownFileType = folder.assetcatalog; path = Assets.xcassets; sourceTree = "<group>"; };
		DFF8C438242506A600051145 /* Preview Assets.xcassets */ = {isa = PBXFileReference; lastKnownFileType = folder.assetcatalog; path = "Preview Assets.xcassets"; sourceTree = "<group>"; };
		DFF8C43B242506A600051145 /* Base */ = {isa = PBXFileReference; lastKnownFileType = file.storyboard; name = Base; path = Base.lproj/Main.storyboard; sourceTree = "<group>"; };
		DFF8C43D242506A600051145 /* Info.plist */ = {isa = PBXFileReference; lastKnownFileType = text.plist.xml; path = Info.plist; sourceTree = "<group>"; };
		DFF8C43E242506A600051145 /* SpeedMath.entitlements */ = {isa = PBXFileReference; lastKnownFileType = text.plist.entitlements; path = SpeedMath.entitlements; sourceTree = "<group>"; };
		DFF8C4462425138A00051145 /* TypingWindow.swift */ = {isa = PBXFileReference; lastKnownFileType = sourcecode.swift; path = TypingWindow.swift; sourceTree = SOURCE_ROOT; };
/* End PBXFileReference section */

/* Begin PBXFrameworksBuildPhase section */
		DFF8C42B242506A500051145 /* Frameworks */ = {
			isa = PBXFrameworksBuildPhase;
			buildActionMask = 2147483647;
			files = (
			);
			runOnlyForDeploymentPostprocessing = 0;
		};
/* End PBXFrameworksBuildPhase section */

/* Begin PBXGroup section */
		DFF8C425242506A500051145 = {
			isa = PBXGroup;
			children = (
				DFF8C430242506A500051145 /* SpeedMath */,
				DFF8C42F242506A500051145 /* Products */,
			);
			sourceTree = "<group>";
		};
		DFF8C42F242506A500051145 /* Products */ = {
			isa = PBXGroup;
			children = (
				DFF8C42E242506A500051145 /* SpeedMath.app */,
			);
			name = Products;
			sourceTree = "<group>";
		};
		DFF8C430242506A500051145 /* SpeedMath */ = {
			isa = PBXGroup;
			children = (
				DFF8C4462425138A00051145 /* TypingWindow.swift */,
				DFF8C431242506A500051145 /* AppDelegate.swift */,
				DFF8C433242506A500051145 /* ContentView.swift */,
				DFF8C435242506A600051145 /* Assets.xcassets */,
				DFF8C43A242506A600051145 /* Main.storyboard */,
				DFF8C43D242506A600051145 /* Info.plist */,
				DFF8C43E242506A600051145 /* SpeedMath.entitlements */,
				DFF8C437242506A600051145 /* Preview Content */,
			);
			path = SpeedMath;
			sourceTree = "<group>";
		};
		DFF8C437242506A600051145 /* Preview Content */ = {
			isa = PBXGroup;
			children = (
				DFF8C438242506A600051145 /* Preview Assets.xcassets */,
			);
			path = "Preview Content";
			sourceTree = "<group>";
		};
/* End PBXGroup section */

/* Begin PBXNativeTarget section */
		DFF8C42D242506A500051145 /* SpeedMath */ = {
			isa = PBXNativeTarget;
			buildConfigurationList = DFF8C441242506A600051145 /* Build configuration list for PBXNativeTarget "SpeedMath" */;
			buildPhases = (
				DFF8C42A242506A500051145 /* Sources */,
				DFF8C42B242506A500051145 /* Frameworks */,
				DFF8C42C242506A500051145 /* Resources */,
			);
			buildRules = (
			);
			dependencies = (
			);
			name = SpeedMath;
			productName = SpeedMath;
			productReference = DFF8C42E242506A500051145 /* SpeedMath.app */;
			productType = "com.apple.product-type.application";
		};
/* End PBXNativeTarget section */

/* Begin PBXProject section */
		DFF8C426242506A500051145 /* Project object */ = {
			isa = PBXProject;
			attributes = {
				LastSwiftUpdateCheck = 1130;
				LastUpgradeCheck = 1130;
				ORGANIZATIONNAME = "Lorenzo Pesci";
				TargetAttributes = {
					DFF8C42D242506A500051145 = {
						CreatedOnToolsVersion = 11.3.1;
					};
				};
			};
			buildConfigurationList = DFF8C429242506A500051145 /* Build configuration list for PBXProject "SpeedMath" */;
			compatibilityVersion = "Xcode 9.3";
			developmentRegion = en;
			hasScannedForEncodings = 0;
			knownRegions = (
				en,
				Base,
			);
			mainGroup = DFF8C425242506A500051145;
			productRefGroup = DFF8C42F242506A500051145 /* Products */;
			projectDirPath = "";
			projectRoot = "";
			targets = (
				DFF8C42D242506A500051145 /* SpeedMath */,
			);
		};
/* End PBXProject section */

/* Begin PBXResourcesBuildPhase section */
		DFF8C42C242506A500051145 /* Resources */ = {
			isa = PBXResourcesBuildPhase;
			buildActionMask = 2147483647;
			files = (
				DFF8C43C242506A600051145 /* Main.storyboard in Resources */,
				DFF8C439242506A600051145 /* Preview Assets.xcassets in Resources */,
				DFF8C436242506A600051145 /* Assets.xcassets in Resources */,
			);
			runOnlyForDeploymentPostprocessing = 0;
		};
/* End PBXResourcesBuildPhase section */

/* Begin PBXSourcesBuildPhase section */
		DFF8C42A242506A500051145 /* Sources */ = {
			isa = PBXSourcesBuildPhase;
			buildActionMask = 2147483647;
			files = (
				DFF8C4472425138A00051145 /* TypingWindow.swift in Sources */,
				DFF8C434242506A500051145 /* ContentView.swift in Sources */,
				DFF8C432242506A500051145 /* AppDelegate.swift in Sources */,
			);
			runOnlyForDeploymentPostprocessing = 0;
		};
/* End PBXSourcesBuildPhase section */

/* Begin PBXVariantGroup section */
		DFF8C43A242506A600051145 /* Main.storyboard */ = {
			isa = PBXVariantGroup;
			children = (
				DFF8C43B242506A600051145 /* Base */,
			);
			name = Main.storyboard;
			sourceTree = "<group>";
		};
/* End PBXVariantGroup section */

/* Begin XCBuildConfiguration section */
		DFF8C43F242506A600051145 /* Debug */ = {
			isa = XCBuildConfiguration;
			buildSettings = {
				ALWAYS_SEARCH_USER_PATHS = NO;
				CLANG_ANALYZER_NONNULL = YES;
				CLANG_ANALYZER_NUMBER_OBJECT_CONVERSION = YES_AGGRESSIVE;
				CLANG_CXX_LANGUAGE_STANDARD = "gnu++14";
				CLANG_CXX_LIBRARY = "libc++";
				CLANG_ENABLE_MODULES = YES;
				CLANG_ENABLE_OBJC_ARC = YES;
				CLANG_ENABLE_OBJC_WEAK = YES;
				CLANG_WARN_BLOCK_CAPTURE_AUTORELEASING = YES;
				CLANG_WARN_BOOL_CONVERSION = YES;
				CLANG_WARN_COMMA = YES;
				CLANG_WARN_CONSTANT_CONVERSION = YES;
				CLANG_WARN_DEPRECATED_OBJC_IMPLEMENTATIONS = YES;
				CLANG_WARN_DIRECT_OBJC_ISA_USAGE = YES_ERROR;
				CLANG_WARN_DOCUMENTATION_COMMENTS = YES;
				CLANG_WARN_EMPTY_BODY = YES;
				CLANG_WARN_ENUM_CONVERSION = YES;
				CLANG_WARN_INFINITE_RECURSION = YES;
				CLANG_WARN_INT_CONVERSION = YES;
				CLANG_WARN_NON_LITERAL_NULL_CONVERSION = YES;
				CLANG_WARN_OBJC_IMPLICIT_RETAIN_SELF = YES;
				CLANG_WARN_OBJC_LITERAL_CONVERSION = YES;
				CLANG_WARN_OBJC_ROOT_CLASS = YES_ERROR;
				CLANG_WARN_RANGE_LOOP_ANALYSIS = YES;
				CLANG_WARN_STRICT_PROTOTYPES = YES;
				CLANG_WARN_SUSPICIOUS_MOVE = YES;
				CLANG_WARN_UNGUARDED_AVAILABILITY = YES_AGGRESSIVE;
				CLANG_WARN_UNREACHABLE_CODE = YES;
				CLANG_WARN__DUPLICATE_METHOD_MATCH = YES;
				COPY_PHASE_STRIP = NO;
				DEBUG_INFORMATION_FORMAT = dwarf;
				ENABLE_STRICT_OBJC_MSGSEND = YES;
				ENABLE_TESTABILITY = YES;
				GCC_C_LANGUAGE_STANDARD = gnu11;
				GCC_DYNAMIC_NO_PIC = NO;
				GCC_NO_COMMON_BLOCKS = YES;
				GCC_OPTIMIZATION_LEVEL = 0;
				GCC_PREPROCESSOR_DEFINITIONS = (
					"DEBUG=1",
					"$(inherited)",
				);
				GCC_WARN_64_TO_32_BIT_CONVERSION = YES;
				GCC_WARN_ABOUT_RETURN_TYPE = YES_ERROR;
				GCC_WARN_UNDECLARED_SELECTOR = YES;
				GCC_WARN_UNINITIALIZED_AUTOS = YES_AGGRESSIVE;
				GCC_WARN_UNUSED_FUNCTION = YES;
				GCC_WARN_UNUSED_VARIABLE = YES;
				MACOSX_DEPLOYMENT_TARGET = 10.15;
				MTL_ENABLE_DEBUG_INFO = INCLUDE_SOURCE;
				MTL_FAST_MATH = YES;
				ONLY_ACTIVE_ARCH = YES;
				SDKROOT = macosx;
				SWIFT_ACTIVE_COMPILATION_CONDITIONS = DEBUG;
				SWIFT_OPTIMIZATION_LEVEL = "-Onone";
			};
			name = Debug;
		};
		DFF8C440242506A600051145 /* Release */ = {
			isa = XCBuildConfiguration;
			buildSettings = {
				ALWAYS_SEARCH_USER_PATHS = NO;
				CLANG_ANALYZER_NONNULL = YES;
				CLANG_ANALYZER_NUMBER_OBJECT_CONVERSION = YES_AGGRESSIVE;
				CLANG_CXX_LANGUAGE_STANDARD = "gnu++14";
				CLANG_CXX_LIBRARY = "libc++";
				CLANG_ENABLE_MODULES = YES;
				CLANG_ENABLE_OBJC_ARC = YES;
				CLANG_ENABLE_OBJC_WEAK = YES;
				CLANG_WARN_BLOCK_CAPTURE_AUTORELEASING = YES;
				CLANG_WARN_BOOL_CONVERSION = YES;
				CLANG_WARN_COMMA = YES;
				CLANG_WARN_CONSTANT_CONVERSION = YES;
				CLANG_WARN_DEPRECATED_OBJC_IMPLEMENTATIONS = YES;
				CLANG_WARN_DIRECT_OBJC_ISA_USAGE = YES_ERROR;
				CLANG_WARN_DOCUMENTATION_COMMENTS = YES;
				CLANG_WARN_EMPTY_BODY = YES;
				CLANG_WARN_ENUM_CONVERSION = YES;
				CLANG_WARN_INFINITE_RECURSION = YES;
				CLANG_WARN_INT_CONVERSION = YES;
				CLANG_WARN_NON_LITERAL_NULL_CONVERSION = YES;
				CLANG_WARN_OBJC_IMPLICIT_RETAIN_SELF = YES;
				CLANG_WARN_OBJC_LITERAL_CONVERSION = YES;
				CLANG_WARN_OBJC_ROOT_CLASS = YES_ERROR;
				CLANG_WARN_RANGE_LOOP_ANALYSIS = YES;
				CLANG_WARN_STRICT_PROTOTYPES = YES;
				CLANG_WARN_SUSPICIOUS_MOVE = YES;
				CLANG_WARN_UNGUARDED_AVAILABILITY = YES_AGGRESSIVE;
				CLANG_WARN_UNREACHABLE_CODE = YES;
				CLANG_WARN__DUPLICATE_METHOD_MATCH = YES;
				COPY_PHASE_STRIP = NO;
				DEBUG_INFORMATION_FORMAT = "dwarf-with-dsym";
				ENABLE_NS_ASSERTIONS = NO;
				ENABLE_STRICT_OBJC_MSGSEND = YES;
				GCC_C_LANGUAGE_STANDARD = gnu11;
				GCC_NO_COMMON_BLOCKS = YES;
				GCC_WARN_64_TO_32_BIT_CONVERSION = YES;
				GCC_WARN_ABOUT_RETURN_TYPE = YES_ERROR;
				GCC_WARN_UNDECLARED_SELECTOR = YES;
				GCC_WARN_UNINITIALIZED_AUTOS = YES_AGGRESSIVE;
				GCC_WARN_UNUSED_FUNCTION = YES;
				GCC_WARN_UNUSED_VARIABLE = YES;
				MACOSX_DEPLOYMENT_TARGET = 10.15;
				MTL_ENABLE_DEBUG_INFO = NO;
				MTL_FAST_MATH = YES;
				SDKROOT = macosx;
				SWIFT_COMPILATION_MODE = wholemodule;
				SWIFT_OPTIMIZATION_LEVEL = "-O";
			};
			name = Release;
		};
		DFF8C442242506A600051145 /* Debug */ = {
			isa = XCBuildConfiguration;
			buildSettings = {
				ASSETCATALOG_COMPILER_APPICON_NAME = AppIcon;
				CODE_SIGN_ENTITLEMENTS = SpeedMath/SpeedMath.entitlements;
				CODE_SIGN_STYLE = Automatic;
				COMBINE_HIDPI_IMAGES = YES;
				DEVELOPMENT_ASSET_PATHS = "\"SpeedMath/Preview Content\"";
				DEVELOPMENT_TEAM = 8Q6ST9M6N3;
				ENABLE_HARDENED_RUNTIME = YES;
				ENABLE_PREVIEWS = YES;
				INFOPLIST_FILE = SpeedMath/Info.plist;
				LD_RUNPATH_SEARCH_PATHS = (
					"$(inherited)",
					"@executable_path/../Frameworks",
				);
				MACOSX_DEPLOYMENT_TARGET = 10.15;
				PRODUCT_BUNDLE_IDENTIFIER = com.l4p1s.SpeedMath;
				PRODUCT_NAME = "$(TARGET_NAME)";
				SWIFT_VERSION = 5.0;
			};
			name = Debug;
		};
		DFF8C443242506A600051145 /* Release */ = {
			isa = XCBuildConfiguration;
			buildSettings = {
				ASSETCATALOG_COMPILER_APPICON_NAME = AppIcon;
				CODE_SIGN_ENTITLEMENTS = SpeedMath/SpeedMath.entitlements;
				CODE_SIGN_STYLE = Automatic;
				COMBINE_HIDPI_IMAGES = YES;
				DEVELOPMENT_ASSET_PATHS = "\"SpeedMath/Preview Content\"";
				DEVELOPMENT_TEAM = 8Q6ST9M6N3;
				ENABLE_HARDENED_RUNTIME = YES;
				ENABLE_PREVIEWS = YES;
				INFOPLIST_FILE = SpeedMath/Info.plist;
				LD_RUNPATH_SEARCH_PATHS = (
					"$(inherited)",
					"@executable_path/../Frameworks",
				);
				MACOSX_DEPLOYMENT_TARGET = 10.15;
				PRODUCT_BUNDLE_IDENTIFIER = com.l4p1s.SpeedMath;
				PRODUCT_NAME = "$(TARGET_NAME)";
				SWIFT_VERSION = 5.0;
			};
			name = Release;
		};
/* End XCBuildConfiguration section */

/* Begin XCConfigurationList section */
		DFF8C429242506A500051145 /* Build configuration list for PBXProject "SpeedMath" */ = {
			isa = XCConfigurationList;
			buildConfigurations = (
				DFF8C43F242506A600051145 /* Debug */,
				DFF8C440242506A600051145 /* Release */,
			);
			defaultConfigurationIsVisible = 0;
			defaultConfigurationName = Release;
		};
		DFF8C441242506A600051145 /* Build configuration list for PBXNativeTarget "SpeedMath" */ = {
			isa = XCConfigurationList;
			buildConfigurations = (
				DFF8C442242506A600051145 /* Debug */,
				DFF8C443242506A600051145 /* Release */,
			);
			defaultConfigurationIsVisible = 0;
			defaultConfigurationName = Release;
		};
/* End XCConfigurationList section */
	};
	rootObject = DFF8C426242506A500051145 /* Project object */;
}
